
Microsoft Visual Studio Solution File, Format Version 12.00
# Visual Studio Version 17
VisualStudioVersion = 17.7.34003.232
MinimumVisualStudioVersion = 10.0.40219.1
Project("{FAE04EC0-301F-11D3-BF4B-00C04F79EFBC}") = "13.09", "13.09.csproj", "{70D78067-530F-46EC-A111-4D628B4340B6}"
EndProject
Project("{FAE04EC0-301F-11D3-BF4B-00C04F79EFBC}") = "13.09(Sample)", "..\13.09(Sample)\13.09(Sample).csproj", "{364124B4-A9B6-4B08-97CD-6B3AD151D6BD}"
EndProject
Project("{FAE04EC0-301F-11D3-BF4B-00C04F79EFBC}") = "sample(15.09)", "..\sample(15.09)\sample(15.09).csproj", "{A548A3D5-2E02-42A1-8249-270938E7DBB3}"
EndProject
Global
	GlobalSection(SolutionConfigurationPlatforms) = preSolution
		Debug|Any CPU = Debug|Any CPU
		Release|Any CPU = Release|Any CPU
	EndGlobalSection
	GlobalSection(ProjectConfigurationPlatforms) = postSolution
		{70D78067-530F-46EC-A111-4D628B4340B6}.Debug|Any CPU.ActiveCfg = Debug|Any CPU
		{70D78067-530F-46EC-A111-4D628B4340B6}.Debug|Any CPU.Build.0 = Debug|Any CPU
		{70D78067-530F-46EC-A111-4D628B4340B6}.Release|Any CPU.ActiveCfg = Release|Any CPU
		{70D78067-530F-46EC-A111-4D628B4340B6}.Release|Any CPU.Build.0 = Release|Any CPU
		{364124B4-A9B6-4B08-97CD-6B3AD151D6BD}.Debug|Any CPU.ActiveCfg = Debug|Any CPU
		{364124B4-A9B6-4B08-97CD-6B3AD151D6BD}.Debug|Any CPU.Build.0 = Debug|Any CPU
		{364124B4-A9B6-4B08-97CD-6B3AD151D6BD}.Release|Any CPU.ActiveCfg = Release|Any CPU
		{364124B4-A9B6-4B08-97CD-6B3AD151D6BD}.Release|Any CPU.Build.0 = Release|Any CPU
		{A548A3D5-2E02-42A1-8249-270938E7DBB3}.Debug|Any CPU.ActiveCfg = Debug|Any CPU
		{A548A3D5-2E02-42A1-8249-270938E7DBB3}.Debug|Any CPU.Build.0 = Debug|Any CPU
		{A548A3D5-2E02-42A1-8249-270938E7DBB3}.Release|Any CPU.ActiveCfg = Release|Any CPU
		{A548A3D5-2E02-42A1-8249-270938E7DBB3}.Release|Any CPU.Build.0 = Release|Any CPU
	EndGlobalSection
	GlobalSection(SolutionProperties) = preSolution
		HideSolutionNode = FALSE
	EndGlobalSection
	GlobalSection(ExtensibilityGlobals) = postSolution
		SolutionGuid = {00A3A82D-D951-415C-913F-F73DE143FCD0}
	EndGlobalSection
EndGlobal
