
Microsoft Visual Studio Solution File, Format Version 12.00
# Visual Studio Version 17
VisualStudioVersion = 17.7.34003.232
MinimumVisualStudioVersion = 10.0.40219.1
Project("{FAE04EC0-301F-11D3-BF4B-00C04F79EFBC}") = "11.09", "11.09.csproj", "{1FB5DBEF-D946-4D84-A6BF-48C713458B70}"
EndProject
Global
	GlobalSection(SolutionConfigurationPlatforms) = preSolution
		Debug|Any CPU = Debug|Any CPU
		Release|Any CPU = Release|Any CPU
	EndGlobalSection
	GlobalSection(ProjectConfigurationPlatforms) = postSolution
		{1FB5DBEF-D946-4D84-A6BF-48C713458B70}.Debug|Any CPU.ActiveCfg = Debug|Any CPU
		{1FB5DBEF-D946-4D84-A6BF-48C713458B70}.Debug|Any CPU.Build.0 = Debug|Any CPU
		{1FB5DBEF-D946-4D84-A6BF-48C713458B70}.Release|Any CPU.ActiveCfg = Release|Any CPU
		{1FB5DBEF-D946-4D84-A6BF-48C713458B70}.Release|Any CPU.Build.0 = Release|Any CPU
	EndGlobalSection
	GlobalSection(SolutionProperties) = preSolution
		HideSolutionNode = FALSE
	EndGlobalSection
	GlobalSection(ExtensibilityGlobals) = postSolution
		SolutionGuid = {55B38C31-DB40-4AEB-8D83-864854D458C0}
	EndGlobalSection
EndGlobal
