
Microsoft Visual Studio Solution File, Format Version 12.00
# Visual Studio Version 17
VisualStudioVersion = 17.7.34003.232
MinimumVisualStudioVersion = 10.0.40219.1
Project("{FAE04EC0-301F-11D3-BF4B-00C04F79EFBC}") = "05.09", "05.09.csproj", "{D24A5F41-E742-411A-A145-9466A1475FFC}"
EndProject
Project("{FAE04EC0-301F-11D3-BF4B-00C04F79EFBC}") = "samp_1(05.09)", "..\samp_1(05.09)\samp_1(05.09).csproj", "{0405956F-44BC-4E60-88A5-2FFE8C034F59}"
EndProject
Project("{FAE04EC0-301F-11D3-BF4B-00C04F79EFBC}") = "samp_2(05.09)", "..\samp_2(05.09)\samp_2(05.09).csproj", "{A09AB811-D10A-4BE6-892D-C6EEFA132CF9}"
EndProject
Project("{FAE04EC0-301F-11D3-BF4B-00C04F79EFBC}") = "samp_3(05.05)", "..\samp_3(05.05)\samp_3(05.05).csproj", "{FB950174-EDA8-4B33-991E-BBB0686A894C}"
EndProject
Project("{FAE04EC0-301F-11D3-BF4B-00C04F79EFBC}") = "samp_4(05.09)", "..\samp_4(05.09)\samp_4(05.09).csproj", "{B1AA1683-2A30-4CD6-9AE3-660792628DF7}"
EndProject
Global
	GlobalSection(SolutionConfigurationPlatforms) = preSolution
		Debug|Any CPU = Debug|Any CPU
		Release|Any CPU = Release|Any CPU
	EndGlobalSection
	GlobalSection(ProjectConfigurationPlatforms) = postSolution
		{D24A5F41-E742-411A-A145-9466A1475FFC}.Debug|Any CPU.ActiveCfg = Debug|Any CPU
		{D24A5F41-E742-411A-A145-9466A1475FFC}.Debug|Any CPU.Build.0 = Debug|Any CPU
		{D24A5F41-E742-411A-A145-9466A1475FFC}.Release|Any CPU.ActiveCfg = Release|Any CPU
		{D24A5F41-E742-411A-A145-9466A1475FFC}.Release|Any CPU.Build.0 = Release|Any CPU
		{0405956F-44BC-4E60-88A5-2FFE8C034F59}.Debug|Any CPU.ActiveCfg = Debug|Any CPU
		{0405956F-44BC-4E60-88A5-2FFE8C034F59}.Debug|Any CPU.Build.0 = Debug|Any CPU
		{0405956F-44BC-4E60-88A5-2FFE8C034F59}.Release|Any CPU.ActiveCfg = Release|Any CPU
		{0405956F-44BC-4E60-88A5-2FFE8C034F59}.Release|Any CPU.Build.0 = Release|Any CPU
		{A09AB811-D10A-4BE6-892D-C6EEFA132CF9}.Debug|Any CPU.ActiveCfg = Debug|Any CPU
		{A09AB811-D10A-4BE6-892D-C6EEFA132CF9}.Debug|Any CPU.Build.0 = Debug|Any CPU
		{A09AB811-D10A-4BE6-892D-C6EEFA132CF9}.Release|Any CPU.ActiveCfg = Release|Any CPU
		{A09AB811-D10A-4BE6-892D-C6EEFA132CF9}.Release|Any CPU.Build.0 = Release|Any CPU
		{FB950174-EDA8-4B33-991E-BBB0686A894C}.Debug|Any CPU.ActiveCfg = Debug|Any CPU
		{FB950174-EDA8-4B33-991E-BBB0686A894C}.Debug|Any CPU.Build.0 = Debug|Any CPU
		{FB950174-EDA8-4B33-991E-BBB0686A894C}.Release|Any CPU.ActiveCfg = Release|Any CPU
		{FB950174-EDA8-4B33-991E-BBB0686A894C}.Release|Any CPU.Build.0 = Release|Any CPU
		{B1AA1683-2A30-4CD6-9AE3-660792628DF7}.Debug|Any CPU.ActiveCfg = Debug|Any CPU
		{B1AA1683-2A30-4CD6-9AE3-660792628DF7}.Debug|Any CPU.Build.0 = Debug|Any CPU
		{B1AA1683-2A30-4CD6-9AE3-660792628DF7}.Release|Any CPU.ActiveCfg = Release|Any CPU
		{B1AA1683-2A30-4CD6-9AE3-660792628DF7}.Release|Any CPU.Build.0 = Release|Any CPU
	EndGlobalSection
	GlobalSection(SolutionProperties) = preSolution
		HideSolutionNode = FALSE
	EndGlobalSection
	GlobalSection(ExtensibilityGlobals) = postSolution
		SolutionGuid = {AADB8E25-7376-4ED9-80AE-2C45E46907FE}
	EndGlobalSection
EndGlobal
